version = 1
requires-python = ">=3.10"

[[package]]
name = "build"
version = "1.2.2.post1"
source = { registry = "https://pypi.org/simple" }
dependencies = [
    { name = "colorama", marker = "os_name == 'nt'" },
    { name = "importlib-metadata", marker = "python_full_version < '3.10.2'" },
    { name = "packaging" },
    { name = "pyproject-hooks" },
    { name = "tomli", marker = "python_full_version < '3.11'" },
]
sdist = { url = "https://files.pythonhosted.org/packages/7d/46/aeab111f8e06793e4f0e421fcad593d547fb8313b50990f31681ee2fb1ad/build-1.2.2.post1.tar.gz", hash = "sha256:b36993e92ca9375a219c99e606a122ff365a760a2d4bba0caa09bd5278b608b7", size = 46701 }
wheels = [
    { url = "https://files.pythonhosted.org/packages/84/c2/80633736cd183ee4a62107413def345f7e6e3c01563dbca1417363cf957e/build-1.2.2.post1-py3-none-any.whl", hash = "sha256:1d61c0887fa860c01971625baae8bdd338e517b836a2f70dd1f7aa3a6b2fc5b5", size = 22950 },
]

[package.optional-dependencies]
uv = [
    { name = "uv" },
]

[[package]]
name = "colorama"
version = "0.4.6"
source = { registry = "https://pypi.org/simple" }
sdist = { url = "https://files.pythonhosted.org/packages/d8/53/6f443c9a4a8358a93a6792e2acffb9d9d5cb0a5cfd8802644b7b1c9a02e4/colorama-0.4.6.tar.gz", hash = "sha256:08695f5cb7ed6e0531a20572697297273c47b8cae5a63ffc6d6ed5c201be6e44", size = 27697 }
wheels = [
    { url = "https://files.pythonhosted.org/packages/d1/d6/3965ed04c63042e047cb6a3e6ed1a63a35087b6a609aa3a15ed8ac56c221/colorama-0.4.6-py2.py3-none-any.whl", hash = "sha256:4f1d9991f5acc0ca119f9d443620b77f9d6b33703e51011c16baf57afb285fc6", size = 25335 },
]

[[package]]
name = "coverage"
version = "7.6.8"
source = { registry = "https://pypi.org/simple" }
sdist = { url = "https://files.pythonhosted.org/packages/ab/75/aecfd0a3adbec6e45753976bc2a9fed62b42cea9a206d10fd29244a77953/coverage-7.6.8.tar.gz", hash = "sha256:8b2b8503edb06822c86d82fa64a4a5cb0760bb8f31f26e138ec743f422f37cfc", size = 801425 }
wheels = [
    { url = "https://files.pythonhosted.org/packages/31/86/6ed22e101badc8eedf181f0c2f65500df5929c44c79991cf45b9bf741424/coverage-7.6.8-cp310-cp310-macosx_10_9_x86_64.whl", hash = "sha256:b39e6011cd06822eb964d038d5dff5da5d98652b81f5ecd439277b32361a3a50", size = 206988 },
    { url = "https://files.pythonhosted.org/packages/3b/04/16853c58bacc02b3ff5405193dfc6c66632442d931b23dd7b9452dc55cf3/coverage-7.6.8-cp310-cp310-macosx_11_0_arm64.whl", hash = "sha256:63c19702db10ad79151a059d2d6336fe0c470f2e18d0d4d1a57f7f9713875dcf", size = 207418 },
    { url = "https://files.pythonhosted.org/packages/f8/eb/8a91520d04215eb549d6a7d7d3a79cbb1d78b5dd0814f4b23bf97521d580/coverage-7.6.8-cp310-cp310-manylinux_2_17_aarch64.manylinux2014_aarch64.whl", hash = "sha256:3985b9be361d8fb6b2d1adc9924d01dec575a1d7453a14cccd73225cb79243ee", size = 235860 },
    { url = "https://files.pythonhosted.org/packages/00/10/bf1ede5b54ae1bbf39921a5dd4cc84aee79041ed301ec8955064785ddb90/coverage-7.6.8-cp310-cp310-manylinux_2_5_i686.manylinux1_i686.manylinux_2_17_i686.manylinux2014_i686.whl", hash = "sha256:644ec81edec0f4ad17d51c838a7d01e42811054543b76d4ba2c5d6af741ce2a6", size = 233766 },
    { url = "https://files.pythonhosted.org/packages/5c/ea/741d9233eb502906e0d18ccf4c15c4fb74ff0e85fd8ee967590194b889a1/coverage-7.6.8-cp310-cp310-manylinux_2_5_x86_64.manylinux1_x86_64.manylinux_2_17_x86_64.manylinux2014_x86_64.whl", hash = "sha256:1f188a2402f8359cf0c4b1fe89eea40dc13b52e7b4fd4812450da9fcd210181d", size = 234924 },
    { url = "https://files.pythonhosted.org/packages/18/43/b2cfd4413a5b64ab27c289228b0c45b4527d1b99381cc9d6a00bfd515da4/coverage-7.6.8-cp310-cp310-musllinux_1_2_aarch64.whl", hash = "sha256:e19122296822deafce89a0c5e8685704c067ae65d45e79718c92df7b3ec3d331", size = 234019 },
    { url = "https://files.pythonhosted.org/packages/8e/95/8b2fbb9d1a79277963b6095cd51a90fb7088cd3618faf75550038331f78b/coverage-7.6.8-cp310-cp310-musllinux_1_2_i686.whl", hash = "sha256:13618bed0c38acc418896005732e565b317aa9e98d855a0e9f211a7ffc2d6638", size = 232481 },
    { url = "https://files.pythonhosted.org/packages/4d/d7/9e939508a39ef67605b715ca89c6522214aceb27c2db9152ae3ae1cf8626/coverage-7.6.8-cp310-cp310-musllinux_1_2_x86_64.whl", hash = "sha256:193e3bffca48ad74b8c764fb4492dd875038a2f9925530cb094db92bb5e47bed", size = 233609 },
    { url = "https://files.pythonhosted.org/packages/ba/e2/1c5fb52eafcffeebaa9db084bff47e7c3cf4f97db752226c232cee4d530b/coverage-7.6.8-cp310-cp310-win32.whl", hash = "sha256:3988665ee376abce49613701336544041f2117de7b7fbfe91b93d8ff8b151c8e", size = 209669 },
    { url = "https://files.pythonhosted.org/packages/31/31/6a56469609a252549dd4b090815428d5521edd4642440d987573a450c069/coverage-7.6.8-cp310-cp310-win_amd64.whl", hash = "sha256:f56f49b2553d7dd85fd86e029515a221e5c1f8cb3d9c38b470bc38bde7b8445a", size = 210509 },
    { url = "https://files.pythonhosted.org/packages/ab/9f/e98211980f6e2f439e251737482aa77906c9b9c507824c71a2ce7eea0402/coverage-7.6.8-cp311-cp311-macosx_10_9_x86_64.whl", hash = "sha256:86cffe9c6dfcfe22e28027069725c7f57f4b868a3f86e81d1c62462764dc46d4", size = 207093 },
    { url = "https://files.pythonhosted.org/packages/fd/c7/8bab83fb9c20f7f8163c5a20dcb62d591b906a214a6dc6b07413074afc80/coverage-7.6.8-cp311-cp311-macosx_11_0_arm64.whl", hash = "sha256:d82ab6816c3277dc962cfcdc85b1efa0e5f50fb2c449432deaf2398a2928ab94", size = 207536 },
    { url = "https://files.pythonhosted.org/packages/1e/d6/00243df625f1b282bb25c83ce153ae2c06f8e7a796a8d833e7235337b4d9/coverage-7.6.8-cp311-cp311-manylinux_2_17_aarch64.manylinux2014_aarch64.whl", hash = "sha256:13690e923a3932e4fad4c0ebfb9cb5988e03d9dcb4c5150b5fcbf58fd8bddfc4", size = 239482 },
    { url = "https://files.pythonhosted.org/packages/1e/07/faf04b3eeb55ffc2a6f24b65dffe6e0359ec3b283e6efb5050ea0707446f/coverage-7.6.8-cp311-cp311-manylinux_2_5_i686.manylinux1_i686.manylinux_2_17_i686.manylinux2014_i686.whl", hash = "sha256:4be32da0c3827ac9132bb488d331cb32e8d9638dd41a0557c5569d57cf22c9c1", size = 236886 },
    { url = "https://files.pythonhosted.org/packages/43/23/c79e497bf4d8fcacd316bebe1d559c765485b8ec23ac4e23025be6bfce09/coverage-7.6.8-cp311-cp311-manylinux_2_5_x86_64.manylinux1_x86_64.manylinux_2_17_x86_64.manylinux2014_x86_64.whl", hash = "sha256:44e6c85bbdc809383b509d732b06419fb4544dca29ebe18480379633623baafb", size = 238749 },
    { url = "https://files.pythonhosted.org/packages/b5/e5/791bae13be3c6451e32ef7af1192e711c6a319f3c597e9b218d148fd0633/coverage-7.6.8-cp311-cp311-musllinux_1_2_aarch64.whl", hash = "sha256:768939f7c4353c0fac2f7c37897e10b1414b571fd85dd9fc49e6a87e37a2e0d8", size = 237679 },
    { url = "https://files.pythonhosted.org/packages/05/c6/bbfdfb03aada601fb8993ced17468c8c8e0b4aafb3097026e680fabb7ce1/coverage-7.6.8-cp311-cp311-musllinux_1_2_i686.whl", hash = "sha256:e44961e36cb13c495806d4cac67640ac2866cb99044e210895b506c26ee63d3a", size = 236317 },
    { url = "https://files.pythonhosted.org/packages/67/f9/f8e5a4b2ce96d1b0e83ae6246369eb8437001dc80ec03bb51c87ff557cd8/coverage-7.6.8-cp311-cp311-musllinux_1_2_x86_64.whl", hash = "sha256:3ea8bb1ab9558374c0ab591783808511d135a833c3ca64a18ec927f20c4030f0", size = 237084 },
    { url = "https://files.pythonhosted.org/packages/f0/70/b05328901e4debe76e033717e1452d00246c458c44e9dbd893e7619c2967/coverage-7.6.8-cp311-cp311-win32.whl", hash = "sha256:629a1ba2115dce8bf75a5cce9f2486ae483cb89c0145795603d6554bdc83e801", size = 209638 },
    { url = "https://files.pythonhosted.org/packages/70/55/1efa24f960a2fa9fbc44a9523d3f3c50ceb94dd1e8cd732168ab2dc41b07/coverage-7.6.8-cp311-cp311-win_amd64.whl", hash = "sha256:fb9fc32399dca861584d96eccd6c980b69bbcd7c228d06fb74fe53e007aa8ef9", size = 210506 },
    { url = "https://files.pythonhosted.org/packages/76/ce/3edf581c8fe429ed8ced6e6d9ac693c25975ef9093413276dab6ed68a80a/coverage-7.6.8-cp312-cp312-macosx_10_13_x86_64.whl", hash = "sha256:e683e6ecc587643f8cde8f5da6768e9d165cd31edf39ee90ed7034f9ca0eefee", size = 207285 },
    { url = "https://files.pythonhosted.org/packages/09/9c/cf102ab046c9cf8895c3f7aadcde6f489a4b2ec326757e8c6e6581829b5e/coverage-7.6.8-cp312-cp312-macosx_11_0_arm64.whl", hash = "sha256:1defe91d41ce1bd44b40fabf071e6a01a5aa14de4a31b986aa9dfd1b3e3e414a", size = 207522 },
    { url = "https://files.pythonhosted.org/packages/39/06/42aa6dd13dbfca72e1fd8ffccadbc921b6e75db34545ebab4d955d1e7ad3/coverage-7.6.8-cp312-cp312-manylinux_2_17_aarch64.manylinux2014_aarch64.whl", hash = "sha256:d7ad66e8e50225ebf4236368cc43c37f59d5e6728f15f6e258c8639fa0dd8e6d", size = 240543 },
    { url = "https://files.pythonhosted.org/packages/a0/20/2932971dc215adeca8eeff446266a7fef17a0c238e881ffedebe7bfa0669/coverage-7.6.8-cp312-cp312-manylinux_2_5_i686.manylinux1_i686.manylinux_2_17_i686.manylinux2014_i686.whl", hash = "sha256:3fe47da3e4fda5f1abb5709c156eca207eacf8007304ce3019eb001e7a7204cb", size = 237577 },
    { url = "https://files.pythonhosted.org/packages/ac/85/4323ece0cd5452c9522f4b6e5cc461e6c7149a4b1887c9e7a8b1f4e51146/coverage-7.6.8-cp312-cp312-manylinux_2_5_x86_64.manylinux1_x86_64.manylinux_2_17_x86_64.manylinux2014_x86_64.whl", hash = "sha256:202a2d645c5a46b84992f55b0a3affe4f0ba6b4c611abec32ee88358db4bb649", size = 239646 },
    { url = "https://files.pythonhosted.org/packages/77/52/b2537487d8f36241e518e84db6f79e26bc3343b14844366e35b090fae0d4/coverage-7.6.8-cp312-cp312-musllinux_1_2_aarch64.whl", hash = "sha256:4674f0daa1823c295845b6a740d98a840d7a1c11df00d1fd62614545c1583787", size = 239128 },
    { url = "https://files.pythonhosted.org/packages/7c/99/7f007762012186547d0ecc3d328da6b6f31a8c99f05dc1e13dcd929918cd/coverage-7.6.8-cp312-cp312-musllinux_1_2_i686.whl", hash = "sha256:74610105ebd6f33d7c10f8907afed696e79c59e3043c5f20eaa3a46fddf33b4c", size = 237434 },
    { url = "https://files.pythonhosted.org/packages/97/53/e9b5cf0682a1cab9352adfac73caae0d77ae1d65abc88975d510f7816389/coverage-7.6.8-cp312-cp312-musllinux_1_2_x86_64.whl", hash = "sha256:37cda8712145917105e07aab96388ae76e787270ec04bcb9d5cc786d7cbb8443", size = 239095 },
    { url = "https://files.pythonhosted.org/packages/0c/50/054f0b464fbae0483217186478eefa2e7df3a79917ed7f1d430b6da2cf0d/coverage-7.6.8-cp312-cp312-win32.whl", hash = "sha256:9e89d5c8509fbd6c03d0dd1972925b22f50db0792ce06324ba069f10787429ad", size = 209895 },
    { url = "https://files.pythonhosted.org/packages/df/d0/09ba870360a27ecf09e177ca2ff59d4337fc7197b456f22ceff85cffcfa5/coverage-7.6.8-cp312-cp312-win_amd64.whl", hash = "sha256:379c111d3558272a2cae3d8e57e6b6e6f4fe652905692d54bad5ea0ca37c5ad4", size = 210684 },
    { url = "https://files.pythonhosted.org/packages/9a/84/6f0ccf94a098ac3d6d6f236bd3905eeac049a9e0efcd9a63d4feca37ac4b/coverage-7.6.8-cp313-cp313-macosx_10_13_x86_64.whl", hash = "sha256:0b0c69f4f724c64dfbfe79f5dfb503b42fe6127b8d479b2677f2b227478db2eb", size = 207313 },
    { url = "https://files.pythonhosted.org/packages/db/2b/e3b3a3a12ebec738c545897ac9f314620470fcbc368cdac88cf14974ba20/coverage-7.6.8-cp313-cp313-macosx_11_0_arm64.whl", hash = "sha256:c15b32a7aca8038ed7644f854bf17b663bc38e1671b5d6f43f9a2b2bd0c46f63", size = 207574 },
    { url = "https://files.pythonhosted.org/packages/db/c0/5bf95d42b6a8d21dfce5025ce187f15db57d6460a59b67a95fe8728162f1/coverage-7.6.8-cp313-cp313-manylinux_2_17_aarch64.manylinux2014_aarch64.whl", hash = "sha256:63068a11171e4276f6ece913bde059e77c713b48c3a848814a6537f35afb8365", size = 240090 },
    { url = "https://files.pythonhosted.org/packages/57/b8/d6fd17d1a8e2b0e1a4e8b9cb1f0f261afd422570735899759c0584236916/coverage-7.6.8-cp313-cp313-manylinux_2_5_i686.manylinux1_i686.manylinux_2_17_i686.manylinux2014_i686.whl", hash = "sha256:6f4548c5ead23ad13fb7a2c8ea541357474ec13c2b736feb02e19a3085fac002", size = 237237 },
    { url = "https://files.pythonhosted.org/packages/d4/e4/a91e9bb46809c8b63e68fc5db5c4d567d3423b6691d049a4f950e38fbe9d/coverage-7.6.8-cp313-cp313-manylinux_2_5_x86_64.manylinux1_x86_64.manylinux_2_17_x86_64.manylinux2014_x86_64.whl", hash = "sha256:3b4b4299dd0d2c67caaaf286d58aef5e75b125b95615dda4542561a5a566a1e3", size = 239225 },
    { url = "https://files.pythonhosted.org/packages/31/9c/9b99b0591ec4555b7292d271e005f27b465388ce166056c435b288db6a69/coverage-7.6.8-cp313-cp313-musllinux_1_2_aarch64.whl", hash = "sha256:c9ebfb2507751f7196995142f057d1324afdab56db1d9743aab7f50289abd022", size = 238888 },
    { url = "https://files.pythonhosted.org/packages/a6/85/285c2df9a04bc7c31f21fd9d4a24d19e040ec5e2ff06e572af1f6514c9e7/coverage-7.6.8-cp313-cp313-musllinux_1_2_i686.whl", hash = "sha256:c1b4474beee02ede1eef86c25ad4600a424fe36cff01a6103cb4533c6bf0169e", size = 236974 },
    { url = "https://files.pythonhosted.org/packages/cb/a1/95ec8522206f76cdca033bf8bb61fff56429fb414835fc4d34651dfd29fc/coverage-7.6.8-cp313-cp313-musllinux_1_2_x86_64.whl", hash = "sha256:d9fd2547e6decdbf985d579cf3fc78e4c1d662b9b0ff7cc7862baaab71c9cc5b", size = 238815 },
    { url = "https://files.pythonhosted.org/packages/8d/ac/687e9ba5e6d0979e9dab5c02e01c4f24ac58260ef82d88d3b433b3f84f1e/coverage-7.6.8-cp313-cp313-win32.whl", hash = "sha256:8aae5aea53cbfe024919715eca696b1a3201886ce83790537d1c3668459c7146", size = 209957 },
    { url = "https://files.pythonhosted.org/packages/2f/a3/b61cc8e3fcf075293fb0f3dee405748453c5ba28ac02ceb4a87f52bdb105/coverage-7.6.8-cp313-cp313-win_amd64.whl", hash = "sha256:ae270e79f7e169ccfe23284ff5ea2d52a6f401dc01b337efb54b3783e2ce3f28", size = 210711 },
    { url = "https://files.pythonhosted.org/packages/ee/4b/891c8b9acf1b62c85e4a71dac142ab9284e8347409b7355de02e3f38306f/coverage-7.6.8-cp313-cp313t-macosx_10_13_x86_64.whl", hash = "sha256:de38add67a0af869b0d79c525d3e4588ac1ffa92f39116dbe0ed9753f26eba7d", size = 208053 },
    { url = "https://files.pythonhosted.org/packages/18/a9/9e330409b291cc002723d339346452800e78df1ce50774ca439ade1d374f/coverage-7.6.8-cp313-cp313t-macosx_11_0_arm64.whl", hash = "sha256:b07c25d52b1c16ce5de088046cd2432b30f9ad5e224ff17c8f496d9cb7d1d451", size = 208329 },
    { url = "https://files.pythonhosted.org/packages/9c/0d/33635fd429f6589c6e1cdfc7bf581aefe4c1792fbff06383f9d37f59db60/coverage-7.6.8-cp313-cp313t-manylinux_2_17_aarch64.manylinux2014_aarch64.whl", hash = "sha256:62a66ff235e4c2e37ed3b6104d8b478d767ff73838d1222132a7a026aa548764", size = 251052 },
    { url = "https://files.pythonhosted.org/packages/23/32/8a08da0e46f3830bbb9a5b40614241b2e700f27a9c2889f53122486443ed/coverage-7.6.8-cp313-cp313t-manylinux_2_5_i686.manylinux1_i686.manylinux_2_17_i686.manylinux2014_i686.whl", hash = "sha256:09b9f848b28081e7b975a3626e9081574a7b9196cde26604540582da60235fdf", size = 246765 },
    { url = "https://files.pythonhosted.org/packages/56/3f/3b86303d2c14350fdb1c6c4dbf9bc76000af2382f42ca1d4d99c6317666e/coverage-7.6.8-cp313-cp313t-manylinux_2_5_x86_64.manylinux1_x86_64.manylinux_2_17_x86_64.manylinux2014_x86_64.whl", hash = "sha256:093896e530c38c8e9c996901858ac63f3d4171268db2c9c8b373a228f459bbc5", size = 249125 },
    { url = "https://files.pythonhosted.org/packages/36/cb/c4f081b9023f9fd8646dbc4ef77be0df090263e8f66f4ea47681e0dc2cff/coverage-7.6.8-cp313-cp313t-musllinux_1_2_aarch64.whl", hash = "sha256:9a7b8ac36fd688c8361cbc7bf1cb5866977ece6e0b17c34aa0df58bda4fa18a4", size = 248615 },
    { url = "https://files.pythonhosted.org/packages/32/ee/53bdbf67760928c44b57b2c28a8c0a4bf544f85a9ee129a63ba5c78fdee4/coverage-7.6.8-cp313-cp313t-musllinux_1_2_i686.whl", hash = "sha256:38c51297b35b3ed91670e1e4efb702b790002e3245a28c76e627478aa3c10d83", size = 246507 },
    { url = "https://files.pythonhosted.org/packages/57/49/5a57910bd0af6d8e802b4ca65292576d19b54b49f81577fd898505dee075/coverage-7.6.8-cp313-cp313t-musllinux_1_2_x86_64.whl", hash = "sha256:2e4e0f60cb4bd7396108823548e82fdab72d4d8a65e58e2c19bbbc2f1e2bfa4b", size = 247785 },
    { url = "https://files.pythonhosted.org/packages/bd/37/e450c9f6b297c79bb9858407396ed3e084dcc22990dd110ab01d5ceb9770/coverage-7.6.8-cp313-cp313t-win32.whl", hash = "sha256:6535d996f6537ecb298b4e287a855f37deaf64ff007162ec0afb9ab8ba3b8b71", size = 210605 },
    { url = "https://files.pythonhosted.org/packages/44/79/7d0c7dd237c6905018e2936cd1055fe1d42e7eba2ebab3c00f4aad2a27d7/coverage-7.6.8-cp313-cp313t-win_amd64.whl", hash = "sha256:c79c0685f142ca53256722a384540832420dff4ab15fec1863d7e5bc8691bdcc", size = 211777 },
    { url = "https://files.pythonhosted.org/packages/32/df/0d2476121cd0bfb9ca2413efe02289c474b82c4b134863bef4b89ec7bcfa/coverage-7.6.8-pp39.pp310-none-any.whl", hash = "sha256:5c52a036535d12590c32c49209e79cabaad9f9ad8aa4cbd875b68c4d67a9cbce", size = 199230 },
]

[package.optional-dependencies]
toml = [
    { name = "tomli", marker = "python_full_version <= '3.11'" },
]

[[package]]
name = "exceptiongroup"
version = "1.2.2"
source = { registry = "https://pypi.org/simple" }
sdist = { url = "https://files.pythonhosted.org/packages/09/35/2495c4ac46b980e4ca1f6ad6db102322ef3ad2410b79fdde159a4b0f3b92/exceptiongroup-1.2.2.tar.gz", hash = "sha256:47c2edf7c6738fafb49fd34290706d1a1a2f4d1c6df275526b62cbb4aa5393cc", size = 28883 }
wheels = [
    { url = "https://files.pythonhosted.org/packages/02/cc/b7e31358aac6ed1ef2bb790a9746ac2c69bcb3c8588b41616914eb106eaf/exceptiongroup-1.2.2-py3-none-any.whl", hash = "sha256:3111b9d131c238bec2f8f516e123e14ba243563fb135d3fe885990585aa7795b", size = 16453 },
]

[[package]]
name = "importlib-metadata"
version = "8.5.0"
source = { registry = "https://pypi.org/simple" }
dependencies = [
    { name = "zipp" },
]
sdist = { url = "https://files.pythonhosted.org/packages/cd/12/33e59336dca5be0c398a7482335911a33aa0e20776128f038019f1a95f1b/importlib_metadata-8.5.0.tar.gz", hash = "sha256:71522656f0abace1d072b9e5481a48f07c138e00f079c38c8f883823f9c26bd7", size = 55304 }
wheels = [
    { url = "https://files.pythonhosted.org/packages/a0/d9/a1e041c5e7caa9a05c925f4bdbdfb7f006d1f74996af53467bc394c97be7/importlib_metadata-8.5.0-py3-none-any.whl", hash = "sha256:45e54197d28b7a7f1559e60b95e7c567032b602131fbd588f1497f47880aa68b", size = 26514 },
]

[[package]]
name = "iniconfig"
version = "2.0.0"
source = { registry = "https://pypi.org/simple" }
sdist = { url = "https://files.pythonhosted.org/packages/d7/4b/cbd8e699e64a6f16ca3a8220661b5f83792b3017d0f79807cb8708d33913/iniconfig-2.0.0.tar.gz", hash = "sha256:2d91e135bf72d31a410b17c16da610a82cb55f6b0477d1a902134b24a455b8b3", size = 4646 }
wheels = [
    { url = "https://files.pythonhosted.org/packages/ef/a6/62565a6e1cf69e10f5727360368e451d4b7f58beeac6173dc9db836a5b46/iniconfig-2.0.0-py3-none-any.whl", hash = "sha256:b6a85871a79d2e3b22d2d1b94ac2824226a63c6b741c88f7ae975f18b6778374", size = 5892 },
]

[[package]]
name = "mypy"
version = "1.13.0"
source = { registry = "https://pypi.org/simple" }
dependencies = [
    { name = "mypy-extensions" },
    { name = "tomli", marker = "python_full_version < '3.11'" },
    { name = "typing-extensions" },
]
sdist = { url = "https://files.pythonhosted.org/packages/e8/21/7e9e523537991d145ab8a0a2fd98548d67646dc2aaaf6091c31ad883e7c1/mypy-1.13.0.tar.gz", hash = "sha256:0291a61b6fbf3e6673e3405cfcc0e7650bebc7939659fdca2702958038bd835e", size = 3152532 }
wheels = [
    { url = "https://files.pythonhosted.org/packages/5e/8c/206de95a27722b5b5a8c85ba3100467bd86299d92a4f71c6b9aa448bfa2f/mypy-1.13.0-cp310-cp310-macosx_10_9_x86_64.whl", hash = "sha256:6607e0f1dd1fb7f0aca14d936d13fd19eba5e17e1cd2a14f808fa5f8f6d8f60a", size = 11020731 },
    { url = "https://files.pythonhosted.org/packages/ab/bb/b31695a29eea76b1569fd28b4ab141a1adc9842edde080d1e8e1776862c7/mypy-1.13.0-cp310-cp310-macosx_11_0_arm64.whl", hash = "sha256:8a21be69bd26fa81b1f80a61ee7ab05b076c674d9b18fb56239d72e21d9f4c80", size = 10184276 },
    { url = "https://files.pythonhosted.org/packages/a5/2d/4a23849729bb27934a0e079c9c1aad912167d875c7b070382a408d459651/mypy-1.13.0-cp310-cp310-manylinux_2_17_x86_64.manylinux2014_x86_64.manylinux_2_28_x86_64.whl", hash = "sha256:7b2353a44d2179846a096e25691d54d59904559f4232519d420d64da6828a3a7", size = 12587706 },
    { url = "https://files.pythonhosted.org/packages/5c/c3/d318e38ada50255e22e23353a469c791379825240e71b0ad03e76ca07ae6/mypy-1.13.0-cp310-cp310-musllinux_1_1_x86_64.whl", hash = "sha256:0730d1c6a2739d4511dc4253f8274cdd140c55c32dfb0a4cf8b7a43f40abfa6f", size = 13105586 },
    { url = "https://files.pythonhosted.org/packages/4a/25/3918bc64952370c3dbdbd8c82c363804678127815febd2925b7273d9482c/mypy-1.13.0-cp310-cp310-win_amd64.whl", hash = "sha256:c5fc54dbb712ff5e5a0fca797e6e0aa25726c7e72c6a5850cfd2adbc1eb0a372", size = 9632318 },
    { url = "https://files.pythonhosted.org/packages/d0/19/de0822609e5b93d02579075248c7aa6ceaddcea92f00bf4ea8e4c22e3598/mypy-1.13.0-cp311-cp311-macosx_10_9_x86_64.whl", hash = "sha256:581665e6f3a8a9078f28d5502f4c334c0c8d802ef55ea0e7276a6e409bc0d82d", size = 10939027 },
    { url = "https://files.pythonhosted.org/packages/c8/71/6950fcc6ca84179137e4cbf7cf41e6b68b4a339a1f5d3e954f8c34e02d66/mypy-1.13.0-cp311-cp311-macosx_11_0_arm64.whl", hash = "sha256:3ddb5b9bf82e05cc9a627e84707b528e5c7caaa1c55c69e175abb15a761cec2d", size = 10108699 },
    { url = "https://files.pythonhosted.org/packages/26/50/29d3e7dd166e74dc13d46050b23f7d6d7533acf48f5217663a3719db024e/mypy-1.13.0-cp311-cp311-manylinux_2_17_x86_64.manylinux2014_x86_64.manylinux_2_28_x86_64.whl", hash = "sha256:20c7ee0bc0d5a9595c46f38beb04201f2620065a93755704e141fcac9f59db2b", size = 12506263 },
    { url = "https://files.pythonhosted.org/packages/3f/1d/676e76f07f7d5ddcd4227af3938a9c9640f293b7d8a44dd4ff41d4db25c1/mypy-1.13.0-cp311-cp311-musllinux_1_1_x86_64.whl", hash = "sha256:3790ded76f0b34bc9c8ba4def8f919dd6a46db0f5a6610fb994fe8efdd447f73", size = 12984688 },
    { url = "https://files.pythonhosted.org/packages/9c/03/5a85a30ae5407b1d28fab51bd3e2103e52ad0918d1e68f02a7778669a307/mypy-1.13.0-cp311-cp311-win_amd64.whl", hash = "sha256:51f869f4b6b538229c1d1bcc1dd7d119817206e2bc54e8e374b3dfa202defcca", size = 9626811 },
    { url = "https://files.pythonhosted.org/packages/fb/31/c526a7bd2e5c710ae47717c7a5f53f616db6d9097caf48ad650581e81748/mypy-1.13.0-cp312-cp312-macosx_10_13_x86_64.whl", hash = "sha256:5c7051a3461ae84dfb5dd15eff5094640c61c5f22257c8b766794e6dd85e72d5", size = 11077900 },
    { url = "https://files.pythonhosted.org/packages/83/67/b7419c6b503679d10bd26fc67529bc6a1f7a5f220bbb9f292dc10d33352f/mypy-1.13.0-cp312-cp312-macosx_11_0_arm64.whl", hash = "sha256:39bb21c69a5d6342f4ce526e4584bc5c197fd20a60d14a8624d8743fffb9472e", size = 10074818 },
    { url = "https://files.pythonhosted.org/packages/ba/07/37d67048786ae84e6612575e173d713c9a05d0ae495dde1e68d972207d98/mypy-1.13.0-cp312-cp312-manylinux_2_17_x86_64.manylinux2014_x86_64.manylinux_2_28_x86_64.whl", hash = "sha256:164f28cb9d6367439031f4c81e84d3ccaa1e19232d9d05d37cb0bd880d3f93c2", size = 12589275 },
    { url = "https://files.pythonhosted.org/packages/1f/17/b1018c6bb3e9f1ce3956722b3bf91bff86c1cefccca71cec05eae49d6d41/mypy-1.13.0-cp312-cp312-musllinux_1_1_x86_64.whl", hash = "sha256:a4c1bfcdbce96ff5d96fc9b08e3831acb30dc44ab02671eca5953eadad07d6d0", size = 13037783 },
    { url = "https://files.pythonhosted.org/packages/cb/32/cd540755579e54a88099aee0287086d996f5a24281a673f78a0e14dba150/mypy-1.13.0-cp312-cp312-win_amd64.whl", hash = "sha256:a0affb3a79a256b4183ba09811e3577c5163ed06685e4d4b46429a271ba174d2", size = 9726197 },
    { url = "https://files.pythonhosted.org/packages/11/bb/ab4cfdc562cad80418f077d8be9b4491ee4fb257440da951b85cbb0a639e/mypy-1.13.0-cp313-cp313-macosx_10_13_x86_64.whl", hash = "sha256:a7b44178c9760ce1a43f544e595d35ed61ac2c3de306599fa59b38a6048e1aa7", size = 11069721 },
    { url = "https://files.pythonhosted.org/packages/59/3b/a393b1607cb749ea2c621def5ba8c58308ff05e30d9dbdc7c15028bca111/mypy-1.13.0-cp313-cp313-macosx_11_0_arm64.whl", hash = "sha256:5d5092efb8516d08440e36626f0153b5006d4088c1d663d88bf79625af3d1d62", size = 10063996 },
    { url = "https://files.pythonhosted.org/packages/d1/1f/6b76be289a5a521bb1caedc1f08e76ff17ab59061007f201a8a18cc514d1/mypy-1.13.0-cp313-cp313-manylinux_2_17_x86_64.manylinux2014_x86_64.manylinux_2_28_x86_64.whl", hash = "sha256:de2904956dac40ced10931ac967ae63c5089bd498542194b436eb097a9f77bc8", size = 12584043 },
    { url = "https://files.pythonhosted.org/packages/a6/83/5a85c9a5976c6f96e3a5a7591aa28b4a6ca3a07e9e5ba0cec090c8b596d6/mypy-1.13.0-cp313-cp313-musllinux_1_1_x86_64.whl", hash = "sha256:7bfd8836970d33c2105562650656b6846149374dc8ed77d98424b40b09340ba7", size = 13036996 },
    { url = "https://files.pythonhosted.org/packages/b4/59/c39a6f752f1f893fccbcf1bdd2aca67c79c842402b5283563d006a67cf76/mypy-1.13.0-cp313-cp313-win_amd64.whl", hash = "sha256:9f73dba9ec77acb86457a8fc04b5239822df0c14a082564737833d2963677dbc", size = 9737709 },
    { url = "https://files.pythonhosted.org/packages/3b/86/72ce7f57431d87a7ff17d442f521146a6585019eb8f4f31b7c02801f78ad/mypy-1.13.0-py3-none-any.whl", hash = "sha256:9c250883f9fd81d212e0952c92dbfcc96fc237f4b7c92f56ac81fd48460b3e5a", size = 2647043 },
]

[[package]]
name = "mypy-extensions"
version = "1.0.0"
source = { registry = "https://pypi.org/simple" }
sdist = { url = "https://files.pythonhosted.org/packages/98/a4/1ab47638b92648243faf97a5aeb6ea83059cc3624972ab6b8d2316078d3f/mypy_extensions-1.0.0.tar.gz", hash = "sha256:75dbf8955dc00442a438fc4d0666508a9a97b6bd41aa2f0ffe9d2f2725af0782", size = 4433 }
wheels = [
    { url = "https://files.pythonhosted.org/packages/2a/e2/5d3f6ada4297caebe1a2add3b126fe800c96f56dbe5d1988a2cbe0b267aa/mypy_extensions-1.0.0-py3-none-any.whl", hash = "sha256:4392f6c0eb8a5668a69e23d168ffa70f0be9ccfd32b5cc2d26a34ae5b844552d", size = 4695 },
]

[[package]]
name = "packaging"
version = "24.2"
source = { registry = "https://pypi.org/simple" }
sdist = { url = "https://files.pythonhosted.org/packages/d0/63/68dbb6eb2de9cb10ee4c9c14a0148804425e13c4fb20d61cce69f53106da/packaging-24.2.tar.gz", hash = "sha256:c228a6dc5e932d346bc5739379109d49e8853dd8223571c7c5b55260edc0b97f", size = 163950 }
wheels = [
    { url = "https://files.pythonhosted.org/packages/88/ef/eb23f262cca3c0c4eb7ab1933c3b1f03d021f2c48f54763065b6f0e321be/packaging-24.2-py3-none-any.whl", hash = "sha256:09abb1bccd265c01f4a3aa3f7a7db064b36514d2cba19a2f694fe6150451a759", size = 65451 },
]

[[package]]
name = "pluggy"
version = "1.5.0"
source = { registry = "https://pypi.org/simple" }
sdist = { url = "https://files.pythonhosted.org/packages/96/2d/02d4312c973c6050a18b314a5ad0b3210edb65a906f868e31c111dede4a6/pluggy-1.5.0.tar.gz", hash = "sha256:2cffa88e94fdc978c4c574f15f9e59b7f4201d439195c3715ca9e2486f1d0cf1", size = 67955 }
wheels = [
    { url = "https://files.pythonhosted.org/packages/88/5f/e351af9a41f866ac3f1fac4ca0613908d9a41741cfcf2228f4ad853b697d/pluggy-1.5.0-py3-none-any.whl", hash = "sha256:44e1ad92c8ca002de6377e165f3e0f1be63266ab4d554740532335b9d75ea669", size = 20556 },
]

[[package]]
name = "pyproject-hooks"
version = "1.2.0"
source = { registry = "https://pypi.org/simple" }
sdist = { url = "https://files.pythonhosted.org/packages/e7/82/28175b2414effca1cdac8dc99f76d660e7a4fb0ceefa4b4ab8f5f6742925/pyproject_hooks-1.2.0.tar.gz", hash = "sha256:1e859bd5c40fae9448642dd871adf459e5e2084186e8d2c2a79a824c970da1f8", size = 19228 }
wheels = [
    { url = "https://files.pythonhosted.org/packages/bd/24/12818598c362d7f300f18e74db45963dbcb85150324092410c8b49405e42/pyproject_hooks-1.2.0-py3-none-any.whl", hash = "sha256:9e5c6bfa8dcc30091c74b0cf803c81fdd29d94f01992a7707bc97babb1141913", size = 10216 },
]

[[package]]
name = "pytest"
version = "8.3.3"
source = { registry = "https://pypi.org/simple" }
dependencies = [
    { name = "colorama", marker = "sys_platform == 'win32'" },
    { name = "exceptiongroup", marker = "python_full_version < '3.11'" },
    { name = "iniconfig" },
    { name = "packaging" },
    { name = "pluggy" },
    { name = "tomli", marker = "python_full_version < '3.11'" },
]
sdist = { url = "https://files.pythonhosted.org/packages/8b/6c/62bbd536103af674e227c41a8f3dcd022d591f6eed5facb5a0f31ee33bbc/pytest-8.3.3.tar.gz", hash = "sha256:70b98107bd648308a7952b06e6ca9a50bc660be218d53c257cc1fc94fda10181", size = 1442487 }
wheels = [
    { url = "https://files.pythonhosted.org/packages/6b/77/7440a06a8ead44c7757a64362dd22df5760f9b12dc5f11b6188cd2fc27a0/pytest-8.3.3-py3-none-any.whl", hash = "sha256:a6853c7375b2663155079443d2e45de913a911a11d669df02a50814944db57b2", size = 342341 },
]

[[package]]
name = "pytest-cov"
version = "6.0.0"
source = { registry = "https://pypi.org/simple" }
dependencies = [
    { name = "coverage", extra = ["toml"] },
    { name = "pytest" },
]
sdist = { url = "https://files.pythonhosted.org/packages/be/45/9b538de8cef30e17c7b45ef42f538a94889ed6a16f2387a6c89e73220651/pytest-cov-6.0.0.tar.gz", hash = "sha256:fde0b595ca248bb8e2d76f020b465f3b107c9632e6a1d1705f17834c89dcadc0", size = 66945 }
wheels = [
    { url = "https://files.pythonhosted.org/packages/36/3b/48e79f2cd6a61dbbd4807b4ed46cb564b4fd50a76166b1c4ea5c1d9e2371/pytest_cov-6.0.0-py3-none-any.whl", hash = "sha256:eee6f1b9e61008bd34975a4d5bab25801eb31898b032dd55addc93e96fcaaa35", size = 22949 },
]

[[package]]
name = "ruff"
version = "0.8.0"
source = { registry = "https://pypi.org/simple" }
sdist = { url = "https://files.pythonhosted.org/packages/b2/d6/a2373f3ba7180ddb44420d2a9d1f1510e1a4d162b3d27282bedcb09c8da9/ruff-0.8.0.tar.gz", hash = "sha256:a7ccfe6331bf8c8dad715753e157457faf7351c2b69f62f32c165c2dbcbacd44", size = 3276537 }
wheels = [
    { url = "https://files.pythonhosted.org/packages/ec/77/e889ee3ce7fd8baa3ed1b77a03b9fb8ec1be68be1418261522fd6a5405e0/ruff-0.8.0-py3-none-linux_armv6l.whl", hash = "sha256:fcb1bf2cc6706adae9d79c8d86478677e3bbd4ced796ccad106fd4776d395fea", size = 10518283 },
    { url = "https://files.pythonhosted.org/packages/da/c8/0a47de01edf19fb22f5f9b7964f46a68d0bdff20144d134556ffd1ba9154/ruff-0.8.0-py3-none-macosx_10_12_x86_64.whl", hash = "sha256:295bb4c02d58ff2ef4378a1870c20af30723013f441c9d1637a008baaf928c8b", size = 10317691 },
    { url = "https://files.pythonhosted.org/packages/41/17/9885e4a0eeae07abd2a4ebabc3246f556719f24efa477ba2739146c4635a/ruff-0.8.0-py3-none-macosx_11_0_arm64.whl", hash = "sha256:7b1f1c76b47c18fa92ee78b60d2d20d7e866c55ee603e7d19c1e991fad933a9a", size = 9940999 },
    { url = "https://files.pythonhosted.org/packages/3e/cd/46b6f7043597eb318b5f5482c8ae8f5491cccce771e85f59d23106f2d179/ruff-0.8.0-py3-none-manylinux_2_17_aarch64.manylinux2014_aarch64.whl", hash = "sha256:eb0d4f250a7711b67ad513fde67e8870109e5ce590a801c3722580fe98c33a99", size = 10772437 },
    { url = "https://files.pythonhosted.org/packages/5d/87/afc95aeb8bc78b1d8a3461717a4419c05aa8aa943d4c9cbd441630f85584/ruff-0.8.0-py3-none-manylinux_2_17_armv7l.manylinux2014_armv7l.whl", hash = "sha256:0e55cce9aa93c5d0d4e3937e47b169035c7e91c8655b0974e61bb79cf398d49c", size = 10299156 },
    { url = "https://files.pythonhosted.org/packages/65/fa/04c647bb809c4d65e8eae1ed1c654d9481b21dd942e743cd33511687b9f9/ruff-0.8.0-py3-none-manylinux_2_17_i686.manylinux2014_i686.whl", hash = "sha256:3f4cd64916d8e732ce6b87f3f5296a8942d285bbbc161acee7fe561134af64f9", size = 11325819 },
    { url = "https://files.pythonhosted.org/packages/90/26/7dad6e7d833d391a8a1afe4ee70ca6f36c4a297d3cca83ef10e83e9aacf3/ruff-0.8.0-py3-none-manylinux_2_17_ppc64.manylinux2014_ppc64.whl", hash = "sha256:c5c1466be2a2ebdf7c5450dd5d980cc87c8ba6976fb82582fea18823da6fa362", size = 12023927 },
    { url = "https://files.pythonhosted.org/packages/24/a0/be5296dda6428ba8a13bda8d09fbc0e14c810b485478733886e61597ae2b/ruff-0.8.0-py3-none-manylinux_2_17_ppc64le.manylinux2014_ppc64le.whl", hash = "sha256:2dabfd05b96b7b8f2da00d53c514eea842bff83e41e1cceb08ae1966254a51df", size = 11589702 },
    { url = "https://files.pythonhosted.org/packages/26/3f/7602eb11d2886db545834182a9dbe500b8211fcbc9b4064bf9d358bbbbb4/ruff-0.8.0-py3-none-manylinux_2_17_s390x.manylinux2014_s390x.whl", hash = "sha256:facebdfe5a5af6b1588a1d26d170635ead6892d0e314477e80256ef4a8470cf3", size = 12782936 },
    { url = "https://files.pythonhosted.org/packages/4c/5d/083181bdec4ec92a431c1291d3fff65eef3ded630a4b55eb735000ef5f3b/ruff-0.8.0-py3-none-manylinux_2_17_x86_64.manylinux2014_x86_64.whl", hash = "sha256:87a8e86bae0dbd749c815211ca11e3a7bd559b9710746c559ed63106d382bd9c", size = 11138488 },
    { url = "https://files.pythonhosted.org/packages/b7/23/c12cdef58413cee2436d6a177aa06f7a366ebbca916cf10820706f632459/ruff-0.8.0-py3-none-musllinux_1_2_aarch64.whl", hash = "sha256:85e654f0ded7befe2d61eeaf3d3b1e4ef3894469cd664ffa85006c7720f1e4a2", size = 10744474 },
    { url = "https://files.pythonhosted.org/packages/29/61/a12f3b81520083cd7c5caa24ba61bb99fd1060256482eff0ef04cc5ccd1b/ruff-0.8.0-py3-none-musllinux_1_2_armv7l.whl", hash = "sha256:83a55679c4cb449fa527b8497cadf54f076603cc36779b2170b24f704171ce70", size = 10369029 },
    { url = "https://files.pythonhosted.org/packages/08/2a/c013f4f3e4a54596c369cee74c24870ed1d534f31a35504908b1fc97017a/ruff-0.8.0-py3-none-musllinux_1_2_i686.whl", hash = "sha256:812e2052121634cf13cd6fddf0c1871d0ead1aad40a1a258753c04c18bb71bbd", size = 10867481 },
    { url = "https://files.pythonhosted.org/packages/d5/f7/685b1e1d42a3e94ceb25eab23c70bdd8c0ab66a43121ef83fe6db5a58756/ruff-0.8.0-py3-none-musllinux_1_2_x86_64.whl", hash = "sha256:780d5d8523c04202184405e60c98d7595bdb498c3c6abba3b6d4cdf2ca2af426", size = 11237117 },
    { url = "https://files.pythonhosted.org/packages/03/20/401132c0908e8837625e3b7e32df9962e7cd681a4df1e16a10e2a5b4ecda/ruff-0.8.0-py3-none-win32.whl", hash = "sha256:5fdb6efecc3eb60bba5819679466471fd7d13c53487df7248d6e27146e985468", size = 8783511 },
    { url = "https://files.pythonhosted.org/packages/1d/5c/4d800fca7854f62ad77f2c0d99b4b585f03e2d87a6ec1ecea85543a14a3c/ruff-0.8.0-py3-none-win_amd64.whl", hash = "sha256:582891c57b96228d146725975fbb942e1f30a0c4ba19722e692ca3eb25cc9b4f", size = 9559876 },
    { url = "https://files.pythonhosted.org/packages/5b/bc/cc8a6a5ca4960b226dc15dd8fb511dd11f2014ff89d325c0b9b9faa9871f/ruff-0.8.0-py3-none-win_arm64.whl", hash = "sha256:ba93e6294e9a737cd726b74b09a6972e36bb511f9a102f1d9a7e1ce94dd206a6", size = 8939733 },
]

[[package]]
name = "structlog"
version = "24.4.0"
source = { registry = "https://pypi.org/simple" }
sdist = { url = "https://files.pythonhosted.org/packages/78/a3/e811a94ac3853826805253c906faa99219b79951c7d58605e89c79e65768/structlog-24.4.0.tar.gz", hash = "sha256:b27bfecede327a6d2da5fbc96bd859f114ecc398a6389d664f62085ee7ae6fc4", size = 1348634 }
wheels = [
    { url = "https://files.pythonhosted.org/packages/bf/65/813fc133609ebcb1299be6a42e5aea99d6344afb35ccb43f67e7daaa3b92/structlog-24.4.0-py3-none-any.whl", hash = "sha256:597f61e80a91cc0749a9fd2a098ed76715a1c8a01f73e336b746504d1aad7610", size = 67180 },
]

[[package]]
name = "structlog-gcp"
version = "0.0.1.dev0"
source = { editable = "." }
dependencies = [
    { name = "structlog" },
]

[package.dev-dependencies]
dev = [
    { name = "build", extra = ["uv"] },
    { name = "mypy" },
    { name = "pytest" },
    { name = "pytest-cov" },
    { name = "ruff" },
]

[package.metadata]
requires-dist = [{ name = "structlog" }]

[package.metadata.requires-dev]
dev = [
    { name = "build", extras = ["uv"], specifier = ">=1.2.2" },
    { name = "mypy", specifier = ">=1.11.2" },
    { name = "pytest", specifier = ">=8.3.3" },
    { name = "pytest-cov", specifier = ">=5.0.0" },
    { name = "ruff", specifier = ">=0.6.6" },
]

[[package]]
name = "tomli"
version = "2.1.0"
source = { registry = "https://pypi.org/simple" }
sdist = { url = "https://files.pythonhosted.org/packages/1e/e4/1b6cbcc82d8832dd0ce34767d5c560df8a3547ad8cbc427f34601415930a/tomli-2.1.0.tar.gz", hash = "sha256:3f646cae2aec94e17d04973e4249548320197cfabdf130015d023de4b74d8ab8", size = 16622 }
wheels = [
    { url = "https://files.pythonhosted.org/packages/de/f7/4da0ffe1892122c9ea096c57f64c2753ae5dd3ce85488802d11b0992cc6d/tomli-2.1.0-py3-none-any.whl", hash = "sha256:a5c57c3d1c56f5ccdf89f6523458f60ef716e210fc47c4cfb188c5ba473e0391", size = 13750 },
]

[[package]]
name = "typing-extensions"
version = "4.12.2"
source = { registry = "https://pypi.org/simple" }
sdist = { url = "https://files.pythonhosted.org/packages/df/db/f35a00659bc03fec321ba8bce9420de607a1d37f8342eee1863174c69557/typing_extensions-4.12.2.tar.gz", hash = "sha256:1a7ead55c7e559dd4dee8856e3a88b41225abfe1ce8df57b7c13915fe121ffb8", size = 85321 }
wheels = [
    { url = "https://files.pythonhosted.org/packages/26/9f/ad63fc0248c5379346306f8668cda6e2e2e9c95e01216d2b8ffd9ff037d0/typing_extensions-4.12.2-py3-none-any.whl", hash = "sha256:04e5ca0351e0f3f85c6853954072df659d0d13fac324d0072316b67d7794700d", size = 37438 },
]

[[package]]
name = "uv"
version = "0.5.4"
source = { registry = "https://pypi.org/simple" }
sdist = { url = "https://files.pythonhosted.org/packages/18/ad/66cc8e00c217e7fcf76598c880632b480aa38d4cad311596b78e99737498/uv-0.5.4.tar.gz", hash = "sha256:cd7a5a3a36f975a7678f27849a2d49bafe7272143d938e9b6f3bf28392a3ba00", size = 2315678 }
wheels = [
    { url = "https://files.pythonhosted.org/packages/2b/3e/6bf24d7bb0d11715ea783ecabcacdecdc8c51fca0144fcdad2090d65bae5/uv-0.5.4-py3-none-linux_armv6l.whl", hash = "sha256:2118bb99cbc9787cb5e5cc4a507201e25a3fe88a9f389e8ffb84f242d96038c2", size = 13853445 },
    { url = "https://files.pythonhosted.org/packages/b8/be/c3acbe2944cd694a5d61a7a461468fa886512c84014545bb8f3244092eaa/uv-0.5.4-py3-none-macosx_10_12_x86_64.whl", hash = "sha256:4432215deb8d5c1ccab17ee51cb80f5de1a20865ee02df47532f87442a3d6a58", size = 13969300 },
    { url = "https://files.pythonhosted.org/packages/1f/c5/06e3b93045179b92d75cf94e6e224baec3226070f1cbc0e11d4898300b54/uv-0.5.4-py3-none-macosx_11_0_arm64.whl", hash = "sha256:f40c6c6c3a1b398b56d3a8b28f7b455ac1ce4cbb1469f8d35d3bbc804d83daa4", size = 12932325 },
    { url = "https://files.pythonhosted.org/packages/b8/f9/06ab86e9f0c270c495077ef2b588458172ed84f9c337de725c8b08872354/uv-0.5.4-py3-none-manylinux_2_17_aarch64.manylinux2014_aarch64.musllinux_1_1_aarch64.whl", hash = "sha256:df3cb58b7da91f4fc647d09c3e96006cd6c7bd424a81ce2308a58593c6887c39", size = 13183356 },
    { url = "https://files.pythonhosted.org/packages/c1/cb/bee01ef23e5020dc1f12d86ca8f82e95a723585db3ec64bfab4016e5616c/uv-0.5.4-py3-none-manylinux_2_17_armv7l.manylinux2014_armv7l.whl", hash = "sha256:dd2df2ba823e6684230ab4c581f2320be38d7f46de11ce21d2dbba631470d7b6", size = 13622310 },
    { url = "https://files.pythonhosted.org/packages/19/4b/128fd874151919c71af51f528db28964e6d8e509fff12210ec9ba99b13fb/uv-0.5.4-py3-none-manylinux_2_17_i686.manylinux2014_i686.whl", hash = "sha256:928ed95fefe4e1338d0a7ad2f6b635de59e2ec92adaed4a267f7501a3b252263", size = 14207832 },
    { url = "https://files.pythonhosted.org/packages/b1/2b/0fed8a49440494f6806dcb67021ca8f14d46f45a665235fc153791e19574/uv-0.5.4-py3-none-manylinux_2_17_ppc64.manylinux2014_ppc64.whl", hash = "sha256:05b45c7eefb178dcdab0d49cd642fb7487377d00727102a8d6d306cc034c0d83", size = 14878796 },
    { url = "https://files.pythonhosted.org/packages/c9/35/a6dc404d4d8884e26ad7bda004c101972fe7d81f86546a8628272812b897/uv-0.5.4-py3-none-manylinux_2_17_ppc64le.manylinux2014_ppc64le.whl", hash = "sha256:ed5659cde099f39995f4cb793fd939d2260b4a26e4e29412c91e7537f53d8d25", size = 14687838 },
    { url = "https://files.pythonhosted.org/packages/74/9e/c2ebf66b90d48def06cda29626bb38068418ed135ca903beb293825ef66d/uv-0.5.4-py3-none-manylinux_2_17_s390x.manylinux2014_s390x.whl", hash = "sha256:f07e5e0df40a09154007da41b76932671333f9fecb0735c698b19da25aa08927", size = 18960541 },
    { url = "https://files.pythonhosted.org/packages/3d/67/28a8b4c23920ae1b1b0103ebae2fa176bd5677c4353b5e814a51bd183285/uv-0.5.4-py3-none-manylinux_2_17_x86_64.manylinux2014_x86_64.whl", hash = "sha256:30ce031e36c54d4ba791d743d992d0a4fd8d70480db781d30a2f6f5125f39194", size = 14471756 },
    { url = "https://files.pythonhosted.org/packages/e9/1c/9698818f4c5493dfd5ab0899a90eee789cac214de2f171220bcdfaefc93a/uv-0.5.4-py3-none-manylinux_2_28_aarch64.whl", hash = "sha256:ca72e6a4c3c6b8b5605867e16a7f767f5c99b7f526de6bbb903c60eb44fd1e01", size = 13389089 },
    { url = "https://files.pythonhosted.org/packages/0b/30/31a9985d84ffb63fb9212fa2b565497e0ceb581be055e5cc760afbe26b11/uv-0.5.4-py3-none-musllinux_1_1_armv7l.whl", hash = "sha256:69079e900bd26b0f65069ac6fa684c74662ed87121c076f2b1cbcf042539034c", size = 13612748 },
    { url = "https://files.pythonhosted.org/packages/26/8d/bae613187ba88d74f0268246ce140f23d399bab96d2cbc055d6e4adafd09/uv-0.5.4-py3-none-musllinux_1_1_i686.whl", hash = "sha256:8d7a4a3df943a7c16cd032ccbaab8ed21ff64f4cb090b3a0a15a8b7502ccd876", size = 13946421 },
    { url = "https://files.pythonhosted.org/packages/0e/22/efd1eec81a566139bced68f4bd140c275edac3dac1bd6236cf8d756423db/uv-0.5.4-py3-none-musllinux_1_1_ppc64le.whl", hash = "sha256:f511faf719b797ef0f14688f1abe20b3fd126209cf58512354d1813249745119", size = 15752913 },
    { url = "https://files.pythonhosted.org/packages/49/b2/0cc4ae143b9605c25e75772aea22876b5875db79982ba62bb6f8d3099fab/uv-0.5.4-py3-none-musllinux_1_1_x86_64.whl", hash = "sha256:f806af0ee451a81099c449c4cff0e813056fdf7dd264f3d3a8fd321b17ff9efc", size = 14599503 },
    { url = "https://files.pythonhosted.org/packages/51/9a/33d40a5068fd37c4f7b4fa82396e3ee90a691cd256f364ff398612c1d5d4/uv-0.5.4-py3-none-win32.whl", hash = "sha256:a79a0885df364b897da44aae308e6ed9cca3a189d455cf1c205bd6f7b03daafa", size = 13749570 },
    { url = "https://files.pythonhosted.org/packages/b1/c8/827e4da65cbdab2c1619767a68ab99a31de078e511b71ca9f24777df33f9/uv-0.5.4-py3-none-win_amd64.whl", hash = "sha256:493aedc3c758bbaede83ecc8d5f7e6a9279ebec151c7f756aa9ea898c73f8ddb", size = 15573613 },
]

[[package]]
name = "zipp"
version = "3.21.0"
source = { registry = "https://pypi.org/simple" }
sdist = { url = "https://files.pythonhosted.org/packages/3f/50/bad581df71744867e9468ebd0bcd6505de3b275e06f202c2cb016e3ff56f/zipp-3.21.0.tar.gz", hash = "sha256:2c9958f6430a2040341a52eb608ed6dd93ef4392e02ffe219417c1b28b5dd1f4", size = 24545 }
wheels = [
    { url = "https://files.pythonhosted.org/packages/b7/1a/7e4798e9339adc931158c9d69ecc34f5e6791489d469f5e50ec15e35f458/zipp-3.21.0-py3-none-any.whl", hash = "sha256:ac1bbe05fd2991f160ebce24ffbac5f6d11d83dc90891255885223d42b3cd931", size = 9630 },
]
